# THIS IS AN AUTOGENERATED FILE. DO NOT EDIT THIS FILE DIRECTLY.
# yarn lockfile v1


FrameGenerator@^0.2.6:
  version "0.2.6"
  resolved "http://10.100.157.198:4873/FrameGenerator/-/FrameGenerator-0.2.6.tgz#3dd8e7fbf56b305de2621058ce984272de634bca"

bignumber.js@^2.4.0:
  version "2.4.0"
  resolved "http://10.100.157.198:4873/bignumber.js/-/bignumber.js-2.4.0.tgz#838a992da9f9d737e0f4b2db0be62bb09dd0c5e8"

node-thrift-protocol@~0.1.16:
  version "0.1.17"
  resolved "http://10.100.157.198:4873/node-thrift-protocol/-/node-thrift-protocol-0.1.17.tgz#855a13e3f469fb0eec85e84ba85d9b0b70cec83c"
  dependencies:
    FrameGenerator "^0.2.6"
    bignumber.js "^2.4.0"

thrift-client@^0.2.37:
  version "0.2.37"
  resolved "http://10.100.157.198:4873/thrift-client/-/thrift-client-0.2.37.tgz#40bb80a02c44dea7a20834fcf22d7eae6cad3495"
  dependencies:
    node-thrift-protocol "~0.1.16"
    thrift-parser "~0.3.0"

thrift-parser@~0.3.0:
  version "0.3.0"
  resolved "http://10.100.157.198:4873/thrift-parser/-/thrift-parser-0.3.0.tgz#3f6e6541af0760bd6de8931559f4c4d1be90ec3d"
